
Microsoft Visual Studio Solution File, Format Version 12.00
# Visual Studio 14
VisualStudioVersion = 14.0.23107.0
MinimumVisualStudioVersion = 10.0.40219.1
Project("{FAE04EC0-301F-11D3-BF4B-00C04F79EFBC}") = "GroupdocsViewer.EngineeringSample", "Groupdocs.Viewer.EngineeringSample\GroupdocsViewer.EngineeringSample.csproj", "{EEAE9A96-52D1-404B-9F5A-D05EE8B48620}"
EndProject
Project("{FAE04EC0-301F-11D3-BF4B-00C04F79EFBC}") = "Groupdocs.Viewer.UI", "Groupdocs.Viewer.UI\Groupdocs.Viewer.UI.csproj", "{6610B9BB-E085-4521-858F-A534B9688655}"
EndProject
Project("{FAE04EC0-301F-11D3-BF4B-00C04F79EFBC}") = "Groupdocs.Viewer.HttpHandling.AspNetMvc", "Groupdocs.Viewer.HttpHandling.AspNetMvc\Groupdocs.Viewer.HttpHandling.AspNetMvc.csproj", "{E795825B-463A-4C5D-ADAD-E76FAE362F3A}"
EndProject
Project("{FAE04EC0-301F-11D3-BF4B-00C04F79EFBC}") = "Groupdocs.Viewer.HttpHandling.AspNetHandlers", "Groupdocs.Viewer.HttpHandling.AspNetHandlers\Groupdocs.Viewer.HttpHandling.AspNetHandlers.csproj", "{44058E5C-C1F5-4AE8-AF99-5EA9156A30C8}"
EndProject
Project("{FAE04EC0-301F-11D3-BF4B-00C04F79EFBC}") = "Groupdocs.Viewer.HttpHandling.Core", "Groupdocs.Viewer.HttpHandling.Core\Groupdocs.Viewer.HttpHandling.Core.csproj", "{F8FA3AE2-58DB-461C-81D0-7715B27F80C0}"
EndProject
Project("{FAE04EC0-301F-11D3-BF4B-00C04F79EFBC}") = "Groupdocs.Viewer.HttpHandling.WebApi", "Groupdocs.Viewer.HttpHandling.WebApi\Groupdocs.Viewer.HttpHandling.WebApi.csproj", "{63897653-5219-4E13-BD98-A8F63803BDF3}"
EndProject
Project("{FAE04EC0-301F-11D3-BF4B-00C04F79EFBC}") = "GroupdocsViewer.EngineeringSample.Net4_5_1", "GroupdocsViewer.EngineeringSample.Net4_5_1\GroupdocsViewer.EngineeringSample.Net4_5_1.csproj", "{E04EE418-E318-49A9-B24A-2162E3360861}"
EndProject
Global
	GlobalSection(SolutionConfigurationPlatforms) = preSolution
		Debug|Any CPU = Debug|Any CPU
		Development|Any CPU = Development|Any CPU
		EC2|Any CPU = EC2|Any CPU
		Release|Any CPU = Release|Any CPU
		ReleaseEU|Any CPU = ReleaseEU|Any CPU
		Staging|Any CPU = Staging|Any CPU
	EndGlobalSection
	GlobalSection(ProjectConfigurationPlatforms) = postSolution
		{EEAE9A96-52D1-404B-9F5A-D05EE8B48620}.Debug|Any CPU.ActiveCfg = Debug|Any CPU
		{EEAE9A96-52D1-404B-9F5A-D05EE8B48620}.Debug|Any CPU.Build.0 = Debug|Any CPU
		{EEAE9A96-52D1-404B-9F5A-D05EE8B48620}.Development|Any CPU.ActiveCfg = Debug|Any CPU
		{EEAE9A96-52D1-404B-9F5A-D05EE8B48620}.Development|Any CPU.Build.0 = Debug|Any CPU
		{EEAE9A96-52D1-404B-9F5A-D05EE8B48620}.EC2|Any CPU.ActiveCfg = Release|Any CPU
		{EEAE9A96-52D1-404B-9F5A-D05EE8B48620}.EC2|Any CPU.Build.0 = Release|Any CPU
		{EEAE9A96-52D1-404B-9F5A-D05EE8B48620}.Release|Any CPU.ActiveCfg = Release|Any CPU
		{EEAE9A96-52D1-404B-9F5A-D05EE8B48620}.Release|Any CPU.Build.0 = Release|Any CPU
		{EEAE9A96-52D1-404B-9F5A-D05EE8B48620}.ReleaseEU|Any CPU.ActiveCfg = Release|Any CPU
		{EEAE9A96-52D1-404B-9F5A-D05EE8B48620}.ReleaseEU|Any CPU.Build.0 = Release|Any CPU
		{EEAE9A96-52D1-404B-9F5A-D05EE8B48620}.Staging|Any CPU.ActiveCfg = Release|Any CPU
		{EEAE9A96-52D1-404B-9F5A-D05EE8B48620}.Staging|Any CPU.Build.0 = Release|Any CPU
		{6610B9BB-E085-4521-858F-A534B9688655}.Debug|Any CPU.ActiveCfg = Debug|Any CPU
		{6610B9BB-E085-4521-858F-A534B9688655}.Debug|Any CPU.Build.0 = Debug|Any CPU
		{6610B9BB-E085-4521-858F-A534B9688655}.Development|Any CPU.ActiveCfg = Debug|Any CPU
		{6610B9BB-E085-4521-858F-A534B9688655}.Development|Any CPU.Build.0 = Debug|Any CPU
		{6610B9BB-E085-4521-858F-A534B9688655}.EC2|Any CPU.ActiveCfg = Release|Any CPU
		{6610B9BB-E085-4521-858F-A534B9688655}.EC2|Any CPU.Build.0 = Release|Any CPU
		{6610B9BB-E085-4521-858F-A534B9688655}.Release|Any CPU.ActiveCfg = Release|Any CPU
		{6610B9BB-E085-4521-858F-A534B9688655}.Release|Any CPU.Build.0 = Release|Any CPU
		{6610B9BB-E085-4521-858F-A534B9688655}.ReleaseEU|Any CPU.ActiveCfg = Release|Any CPU
		{6610B9BB-E085-4521-858F-A534B9688655}.ReleaseEU|Any CPU.Build.0 = Release|Any CPU
		{6610B9BB-E085-4521-858F-A534B9688655}.Staging|Any CPU.ActiveCfg = Release|Any CPU
		{6610B9BB-E085-4521-858F-A534B9688655}.Staging|Any CPU.Build.0 = Release|Any CPU
		{E795825B-463A-4C5D-ADAD-E76FAE362F3A}.Debug|Any CPU.ActiveCfg = Debug|Any CPU
		{E795825B-463A-4C5D-ADAD-E76FAE362F3A}.Debug|Any CPU.Build.0 = Debug|Any CPU
		{E795825B-463A-4C5D-ADAD-E76FAE362F3A}.Development|Any CPU.ActiveCfg = Debug|Any CPU
		{E795825B-463A-4C5D-ADAD-E76FAE362F3A}.Development|Any CPU.Build.0 = Debug|Any CPU
		{E795825B-463A-4C5D-ADAD-E76FAE362F3A}.EC2|Any CPU.ActiveCfg = Release|Any CPU
		{E795825B-463A-4C5D-ADAD-E76FAE362F3A}.EC2|Any CPU.Build.0 = Release|Any CPU
		{E795825B-463A-4C5D-ADAD-E76FAE362F3A}.Release|Any CPU.ActiveCfg = Release|Any CPU
		{E795825B-463A-4C5D-ADAD-E76FAE362F3A}.Release|Any CPU.Build.0 = Release|Any CPU
		{E795825B-463A-4C5D-ADAD-E76FAE362F3A}.ReleaseEU|Any CPU.ActiveCfg = Release|Any CPU
		{E795825B-463A-4C5D-ADAD-E76FAE362F3A}.ReleaseEU|Any CPU.Build.0 = Release|Any CPU
		{E795825B-463A-4C5D-ADAD-E76FAE362F3A}.Staging|Any CPU.ActiveCfg = Release|Any CPU
		{E795825B-463A-4C5D-ADAD-E76FAE362F3A}.Staging|Any CPU.Build.0 = Release|Any CPU
		{44058E5C-C1F5-4AE8-AF99-5EA9156A30C8}.Debug|Any CPU.ActiveCfg = Debug|Any CPU
		{44058E5C-C1F5-4AE8-AF99-5EA9156A30C8}.Debug|Any CPU.Build.0 = Debug|Any CPU
		{44058E5C-C1F5-4AE8-AF99-5EA9156A30C8}.Development|Any CPU.ActiveCfg = Debug|Any CPU
		{44058E5C-C1F5-4AE8-AF99-5EA9156A30C8}.Development|Any CPU.Build.0 = Debug|Any CPU
		{44058E5C-C1F5-4AE8-AF99-5EA9156A30C8}.EC2|Any CPU.ActiveCfg = Release|Any CPU
		{44058E5C-C1F5-4AE8-AF99-5EA9156A30C8}.EC2|Any CPU.Build.0 = Release|Any CPU
		{44058E5C-C1F5-4AE8-AF99-5EA9156A30C8}.Release|Any CPU.ActiveCfg = Release|Any CPU
		{44058E5C-C1F5-4AE8-AF99-5EA9156A30C8}.Release|Any CPU.Build.0 = Release|Any CPU
		{44058E5C-C1F5-4AE8-AF99-5EA9156A30C8}.ReleaseEU|Any CPU.ActiveCfg = Release|Any CPU
		{44058E5C-C1F5-4AE8-AF99-5EA9156A30C8}.ReleaseEU|Any CPU.Build.0 = Release|Any CPU
		{44058E5C-C1F5-4AE8-AF99-5EA9156A30C8}.Staging|Any CPU.ActiveCfg = Release|Any CPU
		{44058E5C-C1F5-4AE8-AF99-5EA9156A30C8}.Staging|Any CPU.Build.0 = Release|Any CPU
		{F8FA3AE2-58DB-461C-81D0-7715B27F80C0}.Debug|Any CPU.ActiveCfg = Debug|Any CPU
		{F8FA3AE2-58DB-461C-81D0-7715B27F80C0}.Debug|Any CPU.Build.0 = Debug|Any CPU
		{F8FA3AE2-58DB-461C-81D0-7715B27F80C0}.Development|Any CPU.ActiveCfg = Debug|Any CPU
		{F8FA3AE2-58DB-461C-81D0-7715B27F80C0}.Development|Any CPU.Build.0 = Debug|Any CPU
		{F8FA3AE2-58DB-461C-81D0-7715B27F80C0}.EC2|Any CPU.ActiveCfg = Release|Any CPU
		{F8FA3AE2-58DB-461C-81D0-7715B27F80C0}.EC2|Any CPU.Build.0 = Release|Any CPU
		{F8FA3AE2-58DB-461C-81D0-7715B27F80C0}.Release|Any CPU.ActiveCfg = Release|Any CPU
		{F8FA3AE2-58DB-461C-81D0-7715B27F80C0}.Release|Any CPU.Build.0 = Release|Any CPU
		{F8FA3AE2-58DB-461C-81D0-7715B27F80C0}.ReleaseEU|Any CPU.ActiveCfg = Release|Any CPU
		{F8FA3AE2-58DB-461C-81D0-7715B27F80C0}.ReleaseEU|Any CPU.Build.0 = Release|Any CPU
		{F8FA3AE2-58DB-461C-81D0-7715B27F80C0}.Staging|Any CPU.ActiveCfg = Release|Any CPU
		{F8FA3AE2-58DB-461C-81D0-7715B27F80C0}.Staging|Any CPU.Build.0 = Release|Any CPU
		{63897653-5219-4E13-BD98-A8F63803BDF3}.Debug|Any CPU.ActiveCfg = Debug|Any CPU
		{63897653-5219-4E13-BD98-A8F63803BDF3}.Debug|Any CPU.Build.0 = Debug|Any CPU
		{63897653-5219-4E13-BD98-A8F63803BDF3}.Development|Any CPU.ActiveCfg = Debug|Any CPU
		{63897653-5219-4E13-BD98-A8F63803BDF3}.Development|Any CPU.Build.0 = Debug|Any CPU
		{63897653-5219-4E13-BD98-A8F63803BDF3}.EC2|Any CPU.ActiveCfg = Release|Any CPU
		{63897653-5219-4E13-BD98-A8F63803BDF3}.EC2|Any CPU.Build.0 = Release|Any CPU
		{63897653-5219-4E13-BD98-A8F63803BDF3}.Release|Any CPU.ActiveCfg = Release|Any CPU
		{63897653-5219-4E13-BD98-A8F63803BDF3}.Release|Any CPU.Build.0 = Release|Any CPU
		{63897653-5219-4E13-BD98-A8F63803BDF3}.ReleaseEU|Any CPU.ActiveCfg = Release|Any CPU
		{63897653-5219-4E13-BD98-A8F63803BDF3}.ReleaseEU|Any CPU.Build.0 = Release|Any CPU
		{63897653-5219-4E13-BD98-A8F63803BDF3}.Staging|Any CPU.ActiveCfg = Release|Any CPU
		{63897653-5219-4E13-BD98-A8F63803BDF3}.Staging|Any CPU.Build.0 = Release|Any CPU
		{E04EE418-E318-49A9-B24A-2162E3360861}.Debug|Any CPU.ActiveCfg = Debug|Any CPU
		{E04EE418-E318-49A9-B24A-2162E3360861}.Debug|Any CPU.Build.0 = Debug|Any CPU
		{E04EE418-E318-49A9-B24A-2162E3360861}.Development|Any CPU.ActiveCfg = Debug|Any CPU
		{E04EE418-E318-49A9-B24A-2162E3360861}.Development|Any CPU.Build.0 = Debug|Any CPU
		{E04EE418-E318-49A9-B24A-2162E3360861}.EC2|Any CPU.ActiveCfg = Release|Any CPU
		{E04EE418-E318-49A9-B24A-2162E3360861}.EC2|Any CPU.Build.0 = Release|Any CPU
		{E04EE418-E318-49A9-B24A-2162E3360861}.Release|Any CPU.ActiveCfg = Release|Any CPU
		{E04EE418-E318-49A9-B24A-2162E3360861}.Release|Any CPU.Build.0 = Release|Any CPU
		{E04EE418-E318-49A9-B24A-2162E3360861}.ReleaseEU|Any CPU.ActiveCfg = Release|Any CPU
		{E04EE418-E318-49A9-B24A-2162E3360861}.ReleaseEU|Any CPU.Build.0 = Release|Any CPU
		{E04EE418-E318-49A9-B24A-2162E3360861}.Staging|Any CPU.ActiveCfg = Release|Any CPU
		{E04EE418-E318-49A9-B24A-2162E3360861}.Staging|Any CPU.Build.0 = Release|Any CPU
	EndGlobalSection
	GlobalSection(SolutionProperties) = preSolution
		HideSolutionNode = FALSE
	EndGlobalSection
EndGlobal
