
Microsoft Visual Studio Solution File, Format Version 12.00
# Visual Studio 14
VisualStudioVersion = 14.0.23107.0
MinimumVisualStudioVersion = 10.0.40219.1
Project("{FAE04EC0-301F-11D3-BF4B-00C04F79EFBC}") = "GroupdocsViewer.EngineeringSample", "Groupdocs.Viewer.EngineeringSample\GroupdocsViewer.EngineeringSample.csproj", "{EEAE9A96-52D1-404B-9F5A-D05EE8B48620}"
EndProject
Project("{FAE04EC0-301F-11D3-BF4B-00C04F79EFBC}") = "Groupdocs.Threading", "Groupdocs.Threading\Groupdocs.Threading.csproj", "{7720BD74-31FD-4C06-A005-D7CE6CA75077}"
EndProject
Project("{FAE04EC0-301F-11D3-BF4B-00C04F79EFBC}") = "Groupdocs.Engine.Viewing", "Groupdocs.Engine.Viewing\Groupdocs.Engine.Viewing.csproj", "{F2AFA5BE-8718-4F72-9B5B-9CAB3ED1C214}"
EndProject
Project("{FAE04EC0-301F-11D3-BF4B-00C04F79EFBC}") = "Groupdocs.Storage", "Groupdocs.Storage\Groupdocs.Storage.csproj", "{9049C637-5AFB-4EFA-B394-69262F61ACC5}"
EndProject
Project("{FAE04EC0-301F-11D3-BF4B-00C04F79EFBC}") = "Groupdocs.Common", "Groupdocs.Common\Groupdocs.Common.csproj", "{91C486AD-1971-4256-A8AB-661BA34907CB}"
EndProject
Project("{FAE04EC0-301F-11D3-BF4B-00C04F79EFBC}") = "Groupdocs.Engine", "Groupdocs.Engine\Groupdocs.Engine.csproj", "{6F028CBE-9E2E-422A-8766-C21E612E8CFA}"
EndProject
Project("{FAE04EC0-301F-11D3-BF4B-00C04F79EFBC}") = "Groupdocs.CoreHandler", "Groupdocs.CoreHandler\Groupdocs.CoreHandler.csproj", "{25AF850F-6F55-4FD8-824D-FE273AE96780}"
EndProject
Project("{FAE04EC0-301F-11D3-BF4B-00C04F79EFBC}") = "Groupdocs.Viewer.UI", "Groupdocs.Viewer.UI\Groupdocs.Viewer.UI.csproj", "{6610B9BB-E085-4521-858F-A534B9688655}"
EndProject
Global
	GlobalSection(SolutionConfigurationPlatforms) = preSolution
		Debug|Any CPU = Debug|Any CPU
		Development|Any CPU = Development|Any CPU
		EC2|Any CPU = EC2|Any CPU
		Release|Any CPU = Release|Any CPU
		ReleaseEU|Any CPU = ReleaseEU|Any CPU
		Staging|Any CPU = Staging|Any CPU
	EndGlobalSection
	GlobalSection(ProjectConfigurationPlatforms) = postSolution
		{EEAE9A96-52D1-404B-9F5A-D05EE8B48620}.Debug|Any CPU.ActiveCfg = Debug|Any CPU
		{EEAE9A96-52D1-404B-9F5A-D05EE8B48620}.Debug|Any CPU.Build.0 = Debug|Any CPU
		{EEAE9A96-52D1-404B-9F5A-D05EE8B48620}.Development|Any CPU.ActiveCfg = Debug|Any CPU
		{EEAE9A96-52D1-404B-9F5A-D05EE8B48620}.Development|Any CPU.Build.0 = Debug|Any CPU
		{EEAE9A96-52D1-404B-9F5A-D05EE8B48620}.EC2|Any CPU.ActiveCfg = Release|Any CPU
		{EEAE9A96-52D1-404B-9F5A-D05EE8B48620}.EC2|Any CPU.Build.0 = Release|Any CPU
		{EEAE9A96-52D1-404B-9F5A-D05EE8B48620}.Release|Any CPU.ActiveCfg = Release|Any CPU
		{EEAE9A96-52D1-404B-9F5A-D05EE8B48620}.Release|Any CPU.Build.0 = Release|Any CPU
		{EEAE9A96-52D1-404B-9F5A-D05EE8B48620}.ReleaseEU|Any CPU.ActiveCfg = Release|Any CPU
		{EEAE9A96-52D1-404B-9F5A-D05EE8B48620}.ReleaseEU|Any CPU.Build.0 = Release|Any CPU
		{EEAE9A96-52D1-404B-9F5A-D05EE8B48620}.Staging|Any CPU.ActiveCfg = Release|Any CPU
		{EEAE9A96-52D1-404B-9F5A-D05EE8B48620}.Staging|Any CPU.Build.0 = Release|Any CPU
		{7720BD74-31FD-4C06-A005-D7CE6CA75077}.Debug|Any CPU.ActiveCfg = Debug|Any CPU
		{7720BD74-31FD-4C06-A005-D7CE6CA75077}.Debug|Any CPU.Build.0 = Debug|Any CPU
		{7720BD74-31FD-4C06-A005-D7CE6CA75077}.Development|Any CPU.ActiveCfg = Development|Any CPU
		{7720BD74-31FD-4C06-A005-D7CE6CA75077}.Development|Any CPU.Build.0 = Development|Any CPU
		{7720BD74-31FD-4C06-A005-D7CE6CA75077}.EC2|Any CPU.ActiveCfg = EC2|Any CPU
		{7720BD74-31FD-4C06-A005-D7CE6CA75077}.EC2|Any CPU.Build.0 = EC2|Any CPU
		{7720BD74-31FD-4C06-A005-D7CE6CA75077}.Release|Any CPU.ActiveCfg = Release|Any CPU
		{7720BD74-31FD-4C06-A005-D7CE6CA75077}.Release|Any CPU.Build.0 = Release|Any CPU
		{7720BD74-31FD-4C06-A005-D7CE6CA75077}.ReleaseEU|Any CPU.ActiveCfg = ReleaseEU|Any CPU
		{7720BD74-31FD-4C06-A005-D7CE6CA75077}.ReleaseEU|Any CPU.Build.0 = ReleaseEU|Any CPU
		{7720BD74-31FD-4C06-A005-D7CE6CA75077}.Staging|Any CPU.ActiveCfg = Staging|Any CPU
		{7720BD74-31FD-4C06-A005-D7CE6CA75077}.Staging|Any CPU.Build.0 = Staging|Any CPU
		{F2AFA5BE-8718-4F72-9B5B-9CAB3ED1C214}.Debug|Any CPU.ActiveCfg = Debug|Any CPU
		{F2AFA5BE-8718-4F72-9B5B-9CAB3ED1C214}.Debug|Any CPU.Build.0 = Debug|Any CPU
		{F2AFA5BE-8718-4F72-9B5B-9CAB3ED1C214}.Development|Any CPU.ActiveCfg = Debug|Any CPU
		{F2AFA5BE-8718-4F72-9B5B-9CAB3ED1C214}.Development|Any CPU.Build.0 = Debug|Any CPU
		{F2AFA5BE-8718-4F72-9B5B-9CAB3ED1C214}.EC2|Any CPU.ActiveCfg = Release|Any CPU
		{F2AFA5BE-8718-4F72-9B5B-9CAB3ED1C214}.EC2|Any CPU.Build.0 = Release|Any CPU
		{F2AFA5BE-8718-4F72-9B5B-9CAB3ED1C214}.Release|Any CPU.ActiveCfg = Release|Any CPU
		{F2AFA5BE-8718-4F72-9B5B-9CAB3ED1C214}.Release|Any CPU.Build.0 = Release|Any CPU
		{F2AFA5BE-8718-4F72-9B5B-9CAB3ED1C214}.ReleaseEU|Any CPU.ActiveCfg = Release|Any CPU
		{F2AFA5BE-8718-4F72-9B5B-9CAB3ED1C214}.ReleaseEU|Any CPU.Build.0 = Release|Any CPU
		{F2AFA5BE-8718-4F72-9B5B-9CAB3ED1C214}.Staging|Any CPU.ActiveCfg = Release|Any CPU
		{F2AFA5BE-8718-4F72-9B5B-9CAB3ED1C214}.Staging|Any CPU.Build.0 = Release|Any CPU
		{9049C637-5AFB-4EFA-B394-69262F61ACC5}.Debug|Any CPU.ActiveCfg = Debug|Any CPU
		{9049C637-5AFB-4EFA-B394-69262F61ACC5}.Debug|Any CPU.Build.0 = Debug|Any CPU
		{9049C637-5AFB-4EFA-B394-69262F61ACC5}.Development|Any CPU.ActiveCfg = Development|Any CPU
		{9049C637-5AFB-4EFA-B394-69262F61ACC5}.Development|Any CPU.Build.0 = Development|Any CPU
		{9049C637-5AFB-4EFA-B394-69262F61ACC5}.EC2|Any CPU.ActiveCfg = EC2|Any CPU
		{9049C637-5AFB-4EFA-B394-69262F61ACC5}.EC2|Any CPU.Build.0 = EC2|Any CPU
		{9049C637-5AFB-4EFA-B394-69262F61ACC5}.Release|Any CPU.ActiveCfg = Release|Any CPU
		{9049C637-5AFB-4EFA-B394-69262F61ACC5}.Release|Any CPU.Build.0 = Release|Any CPU
		{9049C637-5AFB-4EFA-B394-69262F61ACC5}.ReleaseEU|Any CPU.ActiveCfg = ReleaseEU|Any CPU
		{9049C637-5AFB-4EFA-B394-69262F61ACC5}.ReleaseEU|Any CPU.Build.0 = ReleaseEU|Any CPU
		{9049C637-5AFB-4EFA-B394-69262F61ACC5}.Staging|Any CPU.ActiveCfg = Staging|Any CPU
		{9049C637-5AFB-4EFA-B394-69262F61ACC5}.Staging|Any CPU.Build.0 = Staging|Any CPU
		{91C486AD-1971-4256-A8AB-661BA34907CB}.Debug|Any CPU.ActiveCfg = Debug|Any CPU
		{91C486AD-1971-4256-A8AB-661BA34907CB}.Debug|Any CPU.Build.0 = Debug|Any CPU
		{91C486AD-1971-4256-A8AB-661BA34907CB}.Development|Any CPU.ActiveCfg = Development|Any CPU
		{91C486AD-1971-4256-A8AB-661BA34907CB}.Development|Any CPU.Build.0 = Development|Any CPU
		{91C486AD-1971-4256-A8AB-661BA34907CB}.EC2|Any CPU.ActiveCfg = EC2|Any CPU
		{91C486AD-1971-4256-A8AB-661BA34907CB}.EC2|Any CPU.Build.0 = EC2|Any CPU
		{91C486AD-1971-4256-A8AB-661BA34907CB}.Release|Any CPU.ActiveCfg = Release|Any CPU
		{91C486AD-1971-4256-A8AB-661BA34907CB}.Release|Any CPU.Build.0 = Release|Any CPU
		{91C486AD-1971-4256-A8AB-661BA34907CB}.ReleaseEU|Any CPU.ActiveCfg = ReleaseEU|Any CPU
		{91C486AD-1971-4256-A8AB-661BA34907CB}.ReleaseEU|Any CPU.Build.0 = ReleaseEU|Any CPU
		{91C486AD-1971-4256-A8AB-661BA34907CB}.Staging|Any CPU.ActiveCfg = Staging|Any CPU
		{91C486AD-1971-4256-A8AB-661BA34907CB}.Staging|Any CPU.Build.0 = Staging|Any CPU
		{6F028CBE-9E2E-422A-8766-C21E612E8CFA}.Debug|Any CPU.ActiveCfg = Debug|Any CPU
		{6F028CBE-9E2E-422A-8766-C21E612E8CFA}.Debug|Any CPU.Build.0 = Debug|Any CPU
		{6F028CBE-9E2E-422A-8766-C21E612E8CFA}.Development|Any CPU.ActiveCfg = Development|Any CPU
		{6F028CBE-9E2E-422A-8766-C21E612E8CFA}.Development|Any CPU.Build.0 = Development|Any CPU
		{6F028CBE-9E2E-422A-8766-C21E612E8CFA}.EC2|Any CPU.ActiveCfg = EC2|Any CPU
		{6F028CBE-9E2E-422A-8766-C21E612E8CFA}.EC2|Any CPU.Build.0 = EC2|Any CPU
		{6F028CBE-9E2E-422A-8766-C21E612E8CFA}.Release|Any CPU.ActiveCfg = Release|Any CPU
		{6F028CBE-9E2E-422A-8766-C21E612E8CFA}.Release|Any CPU.Build.0 = Release|Any CPU
		{6F028CBE-9E2E-422A-8766-C21E612E8CFA}.ReleaseEU|Any CPU.ActiveCfg = ReleaseEU|Any CPU
		{6F028CBE-9E2E-422A-8766-C21E612E8CFA}.ReleaseEU|Any CPU.Build.0 = ReleaseEU|Any CPU
		{6F028CBE-9E2E-422A-8766-C21E612E8CFA}.Staging|Any CPU.ActiveCfg = Staging|Any CPU
		{6F028CBE-9E2E-422A-8766-C21E612E8CFA}.Staging|Any CPU.Build.0 = Staging|Any CPU
		{25AF850F-6F55-4FD8-824D-FE273AE96780}.Debug|Any CPU.ActiveCfg = Debug|Any CPU
		{25AF850F-6F55-4FD8-824D-FE273AE96780}.Debug|Any CPU.Build.0 = Debug|Any CPU
		{25AF850F-6F55-4FD8-824D-FE273AE96780}.Development|Any CPU.ActiveCfg = Debug|Any CPU
		{25AF850F-6F55-4FD8-824D-FE273AE96780}.Development|Any CPU.Build.0 = Debug|Any CPU
		{25AF850F-6F55-4FD8-824D-FE273AE96780}.EC2|Any CPU.ActiveCfg = Release|Any CPU
		{25AF850F-6F55-4FD8-824D-FE273AE96780}.EC2|Any CPU.Build.0 = Release|Any CPU
		{25AF850F-6F55-4FD8-824D-FE273AE96780}.Release|Any CPU.ActiveCfg = Release|Any CPU
		{25AF850F-6F55-4FD8-824D-FE273AE96780}.Release|Any CPU.Build.0 = Release|Any CPU
		{25AF850F-6F55-4FD8-824D-FE273AE96780}.ReleaseEU|Any CPU.ActiveCfg = Release|Any CPU
		{25AF850F-6F55-4FD8-824D-FE273AE96780}.ReleaseEU|Any CPU.Build.0 = Release|Any CPU
		{25AF850F-6F55-4FD8-824D-FE273AE96780}.Staging|Any CPU.ActiveCfg = Release|Any CPU
		{25AF850F-6F55-4FD8-824D-FE273AE96780}.Staging|Any CPU.Build.0 = Release|Any CPU
		{6610B9BB-E085-4521-858F-A534B9688655}.Debug|Any CPU.ActiveCfg = Debug|Any CPU
		{6610B9BB-E085-4521-858F-A534B9688655}.Debug|Any CPU.Build.0 = Debug|Any CPU
		{6610B9BB-E085-4521-858F-A534B9688655}.Development|Any CPU.ActiveCfg = Debug|Any CPU
		{6610B9BB-E085-4521-858F-A534B9688655}.Development|Any CPU.Build.0 = Debug|Any CPU
		{6610B9BB-E085-4521-858F-A534B9688655}.EC2|Any CPU.ActiveCfg = Release|Any CPU
		{6610B9BB-E085-4521-858F-A534B9688655}.EC2|Any CPU.Build.0 = Release|Any CPU
		{6610B9BB-E085-4521-858F-A534B9688655}.Release|Any CPU.ActiveCfg = Release|Any CPU
		{6610B9BB-E085-4521-858F-A534B9688655}.Release|Any CPU.Build.0 = Release|Any CPU
		{6610B9BB-E085-4521-858F-A534B9688655}.ReleaseEU|Any CPU.ActiveCfg = Release|Any CPU
		{6610B9BB-E085-4521-858F-A534B9688655}.ReleaseEU|Any CPU.Build.0 = Release|Any CPU
		{6610B9BB-E085-4521-858F-A534B9688655}.Staging|Any CPU.ActiveCfg = Release|Any CPU
		{6610B9BB-E085-4521-858F-A534B9688655}.Staging|Any CPU.Build.0 = Release|Any CPU
	EndGlobalSection
	GlobalSection(SolutionProperties) = preSolution
		HideSolutionNode = FALSE
	EndGlobalSection
EndGlobal
